lockfileVersion: '9.0'

settings:
  autoInstallPeers: true
  excludeLinksFromLockfile: false

importers:

  .:
    dependencies:
      empty-npm-package:
        specifier: ^1.0.0
        version: 1.0.0

packages:

  empty-npm-package@1.0.0:
    resolution: {integrity: sha512-q4Mq/+XO7UNDdMiPpR/LIBIW1Zl4V0Z6UT9aKGqIAnBCtCb3lvZJM1KbDbdzdC8fKflwflModfjR29Nt0EpcwA==}

snapshots:

  empty-npm-package@1.0.0: {}
